
Microsoft Visual Studio Solution File, Format Version 12.00
# Visual Studio 15
VisualStudioVersion = 15.0.28307.136
MinimumVisualStudioVersion = 10.0.40219.1
Project("{FAE04EC0-301F-11D3-BF4B-00C04F79EFBC}") = "ConsoleAppSingleTon", "ConsoleAppSingleTon\ConsoleAppSingleTon.csproj", "{F7914485-CD5C-4178-8892-490A27492387}"
EndProject
Global
	GlobalSection(SolutionConfigurationPlatforms) = preSolution
		Debug|Any CPU = Debug|Any CPU
		Release|Any CPU = Release|Any CPU
	EndGlobalSection
	GlobalSection(ProjectConfigurationPlatforms) = postSolution
		{F7914485-CD5C-4178-8892-490A27492387}.Debug|Any CPU.ActiveCfg = Debug|Any CPU
		{F7914485-CD5C-4178-8892-490A27492387}.Debug|Any CPU.Build.0 = Debug|Any CPU
		{F7914485-CD5C-4178-8892-490A27492387}.Release|Any CPU.ActiveCfg = Release|Any CPU
		{F7914485-CD5C-4178-8892-490A27492387}.Release|Any CPU.Build.0 = Release|Any CPU
	EndGlobalSection
	GlobalSection(SolutionProperties) = preSolution
		HideSolutionNode = FALSE
	EndGlobalSection
	GlobalSection(ExtensibilityGlobals) = postSolution
		SolutionGuid = {16D11A92-F07D-49D4-B17B-E1A73F0D7014}
	EndGlobalSection
EndGlobal
