
Microsoft Visual Studio Solution File, Format Version 12.00
# Visual Studio 15
VisualStudioVersion = 15.0.28307.136
MinimumVisualStudioVersion = 10.0.40219.1
Project("{A07B5EB6-E848-4116-A8D0-A826331D98C6}") = "TestServiceFabric", "TestServiceFabric\TestServiceFabric.sfproj", "{A8A790E8-CE19-4977-A425-A07BF5F6E109}"
EndProject
Project("{FAE04EC0-301F-11D3-BF4B-00C04F79EFBC}") = "FirstServiceFabric", "FirstServiceFabric\FirstServiceFabric.csproj", "{80B263BB-C526-4036-894D-4A2DE3C4C9FA}"
EndProject
Global
	GlobalSection(SolutionConfigurationPlatforms) = preSolution
		Debug|Any CPU = Debug|Any CPU
		Debug|x64 = Debug|x64
		Release|Any CPU = Release|Any CPU
		Release|x64 = Release|x64
	EndGlobalSection
	GlobalSection(ProjectConfigurationPlatforms) = postSolution
		{A8A790E8-CE19-4977-A425-A07BF5F6E109}.Debug|Any CPU.ActiveCfg = Debug|x64
		{A8A790E8-CE19-4977-A425-A07BF5F6E109}.Debug|x64.ActiveCfg = Debug|x64
		{A8A790E8-CE19-4977-A425-A07BF5F6E109}.Debug|x64.Build.0 = Debug|x64
		{A8A790E8-CE19-4977-A425-A07BF5F6E109}.Debug|x64.Deploy.0 = Debug|x64
		{A8A790E8-CE19-4977-A425-A07BF5F6E109}.Release|Any CPU.ActiveCfg = Release|x64
		{A8A790E8-CE19-4977-A425-A07BF5F6E109}.Release|x64.ActiveCfg = Release|x64
		{A8A790E8-CE19-4977-A425-A07BF5F6E109}.Release|x64.Build.0 = Release|x64
		{A8A790E8-CE19-4977-A425-A07BF5F6E109}.Release|x64.Deploy.0 = Release|x64
		{80B263BB-C526-4036-894D-4A2DE3C4C9FA}.Debug|Any CPU.ActiveCfg = Debug|Any CPU
		{80B263BB-C526-4036-894D-4A2DE3C4C9FA}.Debug|Any CPU.Build.0 = Debug|Any CPU
		{80B263BB-C526-4036-894D-4A2DE3C4C9FA}.Debug|x64.ActiveCfg = Debug|Any CPU
		{80B263BB-C526-4036-894D-4A2DE3C4C9FA}.Debug|x64.Build.0 = Debug|Any CPU
		{80B263BB-C526-4036-894D-4A2DE3C4C9FA}.Release|Any CPU.ActiveCfg = Release|Any CPU
		{80B263BB-C526-4036-894D-4A2DE3C4C9FA}.Release|Any CPU.Build.0 = Release|Any CPU
		{80B263BB-C526-4036-894D-4A2DE3C4C9FA}.Release|x64.ActiveCfg = Release|Any CPU
		{80B263BB-C526-4036-894D-4A2DE3C4C9FA}.Release|x64.Build.0 = Release|Any CPU
	EndGlobalSection
	GlobalSection(SolutionProperties) = preSolution
		HideSolutionNode = FALSE
	EndGlobalSection
	GlobalSection(ExtensibilityGlobals) = postSolution
		SolutionGuid = {1AEBF5CB-D66D-4AE7-9A0A-F9089BF1DFA5}
	EndGlobalSection
EndGlobal
